// !$*UTF8*$!
{
	archiveVersion = 1;
	classes = {
	};
	objectVersion = 46;
	objects = {

/* Begin PBXBuildFile section */
		6A9743F216E287D5003D5667 /* LoginViewController.m in Sources */ = {isa = PBXBuildFile; fileRef = 6A9743F116E287D5003D5667 /* LoginViewController.m */; };
		6A9743F516E29C2C003D5667 /* alertBkg.png in Resources */ = {isa = PBXBuildFile; fileRef = 6A9743F316E29C2C003D5667 /* alertBkg.png */; };
		6A9743F616E29C2C003D5667 /* alertBkg@2x.png in Resources */ = {isa = PBXBuildFile; fileRef = 6A9743F416E29C2C003D5667 /* alertBkg@2x.png */; };
		6A9743F816E2B0E7003D5667 /* navBar@2x.png in Resources */ = {isa = PBXBuildFile; fileRef = 6A9743F716E2B0E7003D5667 /* navBar@2x.png */; };
		6A9743FA16E2B2A8003D5667 /* navBar.png in Resources */ = {isa = PBXBuildFile; fileRef = 6A9743F916E2B2A8003D5667 /* navBar.png */; };
		6AA860B416E1C91F00655BE9 /* UIKit.framework in Frameworks */ = {isa = PBXBuildFile; fileRef = 6AA860B316E1C91F00655BE9 /* UIKit.framework */; };
		6AA860B616E1C91F00655BE9 /* Foundation.framework in Frameworks */ = {isa = PBXBuildFile; fileRef = 6AA860B516E1C91F00655BE9 /* Foundation.framework */; };
		6AA860B816E1C91F00655BE9 /* CoreGraphics.framework in Frameworks */ = {isa = PBXBuildFile; fileRef = 6AA860B716E1C91F00655BE9 /* CoreGraphics.framework */; };
		6AA860BE16E1C91F00655BE9 /* InfoPlist.strings in Resources */ = {isa = PBXBuildFile; fileRef = 6AA860BC16E1C91F00655BE9 /* InfoPlist.strings */; };
		6AA860C016E1C91F00655BE9 /* main.m in Sources */ = {isa = PBXBuildFile; fileRef = 6AA860BF16E1C91F00655BE9 /* main.m */; };
		6AA860C416E1C91F00655BE9 /* AppDelegate.m in Sources */ = {isa = PBXBuildFile; fileRef = 6AA860C316E1C91F00655BE9 /* AppDelegate.m */; };
		6AA860C616E1C91F00655BE9 /* Default.png in Resources */ = {isa = PBXBuildFile; fileRef = 6AA860C516E1C91F00655BE9 /* Default.png */; };
		6AA860C816E1C91F00655BE9 /* Default@2x.png in Resources */ = {isa = PBXBuildFile; fileRef = 6AA860C716E1C91F00655BE9 /* Default@2x.png */; };
		6AA860CA16E1C91F00655BE9 /* Default-568h@2x.png in Resources */ = {isa = PBXBuildFile; fileRef = 6AA860C916E1C91F00655BE9 /* Default-568h@2x.png */; };
		6AA860CD16E1C92000655BE9 /* MainStoryboard.storyboard in Resources */ = {isa = PBXBuildFile; fileRef = 6AA860CB16E1C92000655BE9 /* MainStoryboard.storyboard */; };
		6AAD167116E22C2C007145EE /* EventsViewController.m in Sources */ = {isa = PBXBuildFile; fileRef = 6AAD167016E22C2C007145EE /* EventsViewController.m */; };
		6AAD167416E22C97007145EE /* EventViewController.m in Sources */ = {isa = PBXBuildFile; fileRef = 6AAD167316E22C97007145EE /* EventViewController.m */; };
		6AAD167716E22CE4007145EE /* NewEventiewController.m in Sources */ = {isa = PBXBuildFile; fileRef = 6AAD167616E22CE4007145EE /* NewEventiewController.m */; };
		6AAD179D16E22F56007145EE /* ILAlertView.m in Sources */ = {isa = PBXBuildFile; fileRef = 6AAD179B16E22F56007145EE /* ILAlertView.m */; };
		6AAD17A116E22F6D007145EE /* ILBarButtonItem.m in Sources */ = {isa = PBXBuildFile; fileRef = 6AAD17A016E22F6D007145EE /* ILBarButtonItem.m */; };
		6AAD17A916E22FA0007145EE /* 37x-Checkmark.png in Resources */ = {isa = PBXBuildFile; fileRef = 6AAD17A316E22FA0007145EE /* 37x-Checkmark.png */; };
		6AAD17AA16E22FA0007145EE /* 37x-Checkmark@2x.png in Resources */ = {isa = PBXBuildFile; fileRef = 6AAD17A416E22FA0007145EE /* 37x-Checkmark@2x.png */; };
		6AAD17AB16E22FA0007145EE /* ILHTTPClient.m in Sources */ = {isa = PBXBuildFile; fileRef = 6AAD17A616E22FA0007145EE /* ILHTTPClient.m */; };
		6AAD17AC16E22FA0007145EE /* MBProgressHUD+CustomAdditions.m in Sources */ = {isa = PBXBuildFile; fileRef = 6AAD17A816E22FA0007145EE /* MBProgressHUD+CustomAdditions.m */; };
		6AAD17C216E230E8007145EE /* AFHTTPClient.m in Sources */ = {isa = PBXBuildFile; fileRef = 6AAD17B016E230E8007145EE /* AFHTTPClient.m */; };
		6AAD17C316E230E8007145EE /* AFHTTPRequestOperation.m in Sources */ = {isa = PBXBuildFile; fileRef = 6AAD17B216E230E8007145EE /* AFHTTPRequestOperation.m */; };
		6AAD17C416E230E8007145EE /* AFImageRequestOperation.m in Sources */ = {isa = PBXBuildFile; fileRef = 6AAD17B416E230E8007145EE /* AFImageRequestOperation.m */; };
		6AAD17C516E230E8007145EE /* AFJSONRequestOperation.m in Sources */ = {isa = PBXBuildFile; fileRef = 6AAD17B616E230E8007145EE /* AFJSONRequestOperation.m */; };
		6AAD17C616E230E8007145EE /* AFNetworkActivityIndicatorManager.m in Sources */ = {isa = PBXBuildFile; fileRef = 6AAD17B816E230E8007145EE /* AFNetworkActivityIndicatorManager.m */; };
		6AAD17C716E230E8007145EE /* AFPropertyListRequestOperation.m in Sources */ = {isa = PBXBuildFile; fileRef = 6AAD17BB16E230E8007145EE /* AFPropertyListRequestOperation.m */; };
		6AAD17C816E230E8007145EE /* AFURLConnectionOperation.m in Sources */ = {isa = PBXBuildFile; fileRef = 6AAD17BD16E230E8007145EE /* AFURLConnectionOperation.m */; };
		6AAD17C916E230E8007145EE /* AFXMLRequestOperation.m in Sources */ = {isa = PBXBuildFile; fileRef = 6AAD17BF16E230E8007145EE /* AFXMLRequestOperation.m */; };
		6AAD17CA16E230E8007145EE /* UIImageView+AFNetworking.m in Sources */ = {isa = PBXBuildFile; fileRef = 6AAD17C116E230E8007145EE /* UIImageView+AFNetworking.m */; };
		6AAD17CC16E23121007145EE /* QuartzCore.framework in Frameworks */ = {isa = PBXBuildFile; fileRef = 6AAD17CB16E23121007145EE /* QuartzCore.framework */; };
		6AAD17CE16E23128007145EE /* SystemConfiguration.framework in Frameworks */ = {isa = PBXBuildFile; fileRef = 6AAD17CD16E23128007145EE /* SystemConfiguration.framework */; };
		6AAD17D316E23143007145EE /* ILSideScrollView.m in Sources */ = {isa = PBXBuildFile; fileRef = 6AAD17D016E23143007145EE /* ILSideScrollView.m */; };
		6AAD17D416E23143007145EE /* ILSideScrollViewItem.m in Sources */ = {isa = PBXBuildFile; fileRef = 6AAD17D216E23143007145EE /* ILSideScrollViewItem.m */; };
		6AAD17D816E23170007145EE /* MBProgressHUD.m in Sources */ = {isa = PBXBuildFile; fileRef = 6AAD17D716E23170007145EE /* MBProgressHUD.m */; };
		6AAD17DB16E2318F007145EE /* MobileCoreServices.framework in Frameworks */ = {isa = PBXBuildFile; fileRef = 6AAD17DA16E2318F007145EE /* MobileCoreServices.framework */; };
		6AAD17E016E23284007145EE /* gear.png in Resources */ = {isa = PBXBuildFile; fileRef = 6AAD17DC16E23283007145EE /* gear.png */; };
		6AAD17E116E23284007145EE /* gear@2x.png in Resources */ = {isa = PBXBuildFile; fileRef = 6AAD17DD16E23283007145EE /* gear@2x.png */; };
		6AAD17E216E23284007145EE /* gearSelected.png in Resources */ = {isa = PBXBuildFile; fileRef = 6AAD17DE16E23283007145EE /* gearSelected.png */; };
		6AAD17E316E23284007145EE /* gearSelected@2x.png in Resources */ = {isa = PBXBuildFile; fileRef = 6AAD17DF16E23284007145EE /* gearSelected@2x.png */; };
		6AAD17EE16E24208007145EE /* PKRevealController.m in Sources */ = {isa = PBXBuildFile; fileRef = 6AAD17E916E24208007145EE /* PKRevealController.m */; };
		6AAD17EF16E24208007145EE /* PKRevealControllerContainerView.m in Sources */ = {isa = PBXBuildFile; fileRef = 6AAD17EB16E24208007145EE /* PKRevealControllerContainerView.m */; };
		6AAD17F016E24208007145EE /* UIViewController+PKRevealController.m in Sources */ = {isa = PBXBuildFile; fileRef = 6AAD17ED16E24208007145EE /* UIViewController+PKRevealController.m */; };
		6AAD17F616E24462007145EE /* SideViewController.m in Sources */ = {isa = PBXBuildFile; fileRef = 6AAD17F516E24462007145EE /* SideViewController.m */; };
		6AAD17FE16E24987007145EE /* EUEvent.m in Sources */ = {isa = PBXBuildFile; fileRef = 6AAD17FD16E24987007145EE /* EUEvent.m */; };
		6AAD180216E249A4007145EE /* EUEventCell.m in Sources */ = {isa = PBXBuildFile; fileRef = 6AAD180116E249A4007145EE /* EUEventCell.m */; };
		6AAD180716E24D58007145EE /* SORelativeDateTransformer.bundle in Resources */ = {isa = PBXBuildFile; fileRef = 6AAD180416E24D58007145EE /* SORelativeDateTransformer.bundle */; };
		6AAD180816E24D58007145EE /* SORelativeDateTransformer.m in Sources */ = {isa = PBXBuildFile; fileRef = 6AAD180616E24D58007145EE /* SORelativeDateTransformer.m */; };
		6AAD180F16E254DC007145EE /* FacebookSDK.framework in Frameworks */ = {isa = PBXBuildFile; fileRef = 6AAD180E16E254DC007145EE /* FacebookSDK.framework */; };
		6AAD181116E254F3007145EE /* FacebookSDKResources.bundle in Resources */ = {isa = PBXBuildFile; fileRef = 6AAD181016E254F3007145EE /* FacebookSDKResources.bundle */; };
		6AAD181616E25532007145EE /* Accounts.framework in Frameworks */ = {isa = PBXBuildFile; fileRef = 6AAD181316E25532007145EE /* Accounts.framework */; settings = {ATTRIBUTES = (Weak, ); }; };
		6AAD181716E25532007145EE /* AdSupport.framework in Frameworks */ = {isa = PBXBuildFile; fileRef = 6AAD181416E25532007145EE /* AdSupport.framework */; settings = {ATTRIBUTES = (Weak, ); }; };
		6AAD181816E25532007145EE /* Social.framework in Frameworks */ = {isa = PBXBuildFile; fileRef = 6AAD181516E25532007145EE /* Social.framework */; settings = {ATTRIBUTES = (Weak, ); }; };
		6ADC644E16EAD93900E0F401 /* EUEventView.m in Sources */ = {isa = PBXBuildFile; fileRef = 6ADC644D16EAD93900E0F401 /* EUEventView.m */; };
		6ADC645116EB93CE00E0F401 /* EUUser.m in Sources */ = {isa = PBXBuildFile; fileRef = 6ADC645016EB93CE00E0F401 /* EUUser.m */; };
		6ADC645416EB9C5600E0F401 /* EULocation.m in Sources */ = {isa = PBXBuildFile; fileRef = 6ADC645316EB9C5600E0F401 /* EULocation.m */; };
		6AFBF49B16E438D100D8C33B /* protoFaces.png in Resources */ = {isa = PBXBuildFile; fileRef = 6AFBF49A16E438D100D8C33B /* protoFaces.png */; };
		6AFBF49E16E43A1200D8C33B /* SettingsViewController.m in Sources */ = {isa = PBXBuildFile; fileRef = 6AFBF49D16E43A1200D8C33B /* SettingsViewController.m */; };
		6AFBF4A616E45C3000D8C33B /* when.png in Resources */ = {isa = PBXBuildFile; fileRef = 6AFBF4A316E45C3000D8C33B /* when.png */; };
		6AFBF4A716E45C3000D8C33B /* who.png in Resources */ = {isa = PBXBuildFile; fileRef = 6AFBF4A416E45C3000D8C33B /* who.png */; };
		6AFBF4A816E45C3000D8C33B /* where.png in Resources */ = {isa = PBXBuildFile; fileRef = 6AFBF4A516E45C3000D8C33B /* where.png */; };
/* End PBXBuildFile section */

/* Begin PBXFileReference section */
		6A9743F016E287D5003D5667 /* LoginViewController.h */ = {isa = PBXFileReference; fileEncoding = 4; lastKnownFileType = sourcecode.c.h; path = LoginViewController.h; sourceTree = "<group>"; };
		6A9743F116E287D5003D5667 /* LoginViewController.m */ = {isa = PBXFileReference; fileEncoding = 4; lastKnownFileType = sourcecode.c.objc; path = LoginViewController.m; sourceTree = "<group>"; };
		6A9743F316E29C2C003D5667 /* alertBkg.png */ = {isa = PBXFileReference; lastKnownFileType = image.png; path = alertBkg.png; sourceTree = "<group>"; };
		6A9743F416E29C2C003D5667 /* alertBkg@2x.png */ = {isa = PBXFileReference; lastKnownFileType = image.png; path = "alertBkg@2x.png"; sourceTree = "<group>"; };
		6A9743F716E2B0E7003D5667 /* navBar@2x.png */ = {isa = PBXFileReference; lastKnownFileType = image.png; path = "navBar@2x.png"; sourceTree = "<group>"; };
		6A9743F916E2B2A8003D5667 /* navBar.png */ = {isa = PBXFileReference; lastKnownFileType = image.png; path = navBar.png; sourceTree = "<group>"; };
		6AA860B016E1C91F00655BE9 /* EatUp.app */ = {isa = PBXFileReference; explicitFileType = wrapper.application; includeInIndex = 0; path = EatUp.app; sourceTree = BUILT_PRODUCTS_DIR; };
		6AA860B316E1C91F00655BE9 /* UIKit.framework */ = {isa = PBXFileReference; lastKnownFileType = wrapper.framework; name = UIKit.framework; path = System/Library/Frameworks/UIKit.framework; sourceTree = SDKROOT; };
		6AA860B516E1C91F00655BE9 /* Foundation.framework */ = {isa = PBXFileReference; lastKnownFileType = wrapper.framework; name = Foundation.framework; path = System/Library/Frameworks/Foundation.framework; sourceTree = SDKROOT; };
		6AA860B716E1C91F00655BE9 /* CoreGraphics.framework */ = {isa = PBXFileReference; lastKnownFileType = wrapper.framework; name = CoreGraphics.framework; path = System/Library/Frameworks/CoreGraphics.framework; sourceTree = SDKROOT; };
		6AA860BB16E1C91F00655BE9 /* EatUp-Info.plist */ = {isa = PBXFileReference; lastKnownFileType = text.plist.xml; path = "EatUp-Info.plist"; sourceTree = "<group>"; };
		6AA860BD16E1C91F00655BE9 /* en */ = {isa = PBXFileReference; lastKnownFileType = text.plist.strings; name = en; path = en.lproj/InfoPlist.strings; sourceTree = "<group>"; };
		6AA860BF16E1C91F00655BE9 /* main.m */ = {isa = PBXFileReference; lastKnownFileType = sourcecode.c.objc; path = main.m; sourceTree = "<group>"; };
		6AA860C116E1C91F00655BE9 /* EatUp-Prefix.pch */ = {isa = PBXFileReference; lastKnownFileType = sourcecode.c.h; path = "EatUp-Prefix.pch"; sourceTree = "<group>"; };
		6AA860C216E1C91F00655BE9 /* AppDelegate.h */ = {isa = PBXFileReference; lastKnownFileType = sourcecode.c.h; path = AppDelegate.h; sourceTree = "<group>"; };
		6AA860C316E1C91F00655BE9 /* AppDelegate.m */ = {isa = PBXFileReference; lastKnownFileType = sourcecode.c.objc; path = AppDelegate.m; sourceTree = "<group>"; };
		6AA860C516E1C91F00655BE9 /* Default.png */ = {isa = PBXFileReference; lastKnownFileType = image.png; path = Default.png; sourceTree = "<group>"; };
		6AA860C716E1C91F00655BE9 /* Default@2x.png */ = {isa = PBXFileReference; lastKnownFileType = image.png; path = "Default@2x.png"; sourceTree = "<group>"; };
		6AA860C916E1C91F00655BE9 /* Default-568h@2x.png */ = {isa = PBXFileReference; lastKnownFileType = image.png; path = "Default-568h@2x.png"; sourceTree = "<group>"; };
		6AA860CC16E1C92000655BE9 /* en */ = {isa = PBXFileReference; lastKnownFileType = file.storyboard; name = en; path = en.lproj/MainStoryboard.storyboard; sourceTree = "<group>"; };
		6AAD166F16E22C2C007145EE /* EventsViewController.h */ = {isa = PBXFileReference; fileEncoding = 4; lastKnownFileType = sourcecode.c.h; path = EventsViewController.h; sourceTree = "<group>"; };
		6AAD167016E22C2C007145EE /* EventsViewController.m */ = {isa = PBXFileReference; fileEncoding = 4; lastKnownFileType = sourcecode.c.objc; path = EventsViewController.m; sourceTree = "<group>"; };
		6AAD167216E22C97007145EE /* EventViewController.h */ = {isa = PBXFileReference; fileEncoding = 4; lastKnownFileType = sourcecode.c.h; path = EventViewController.h; sourceTree = "<group>"; };
		6AAD167316E22C97007145EE /* EventViewController.m */ = {isa = PBXFileReference; fileEncoding = 4; lastKnownFileType = sourcecode.c.objc; path = EventViewController.m; sourceTree = "<group>"; };
		6AAD167516E22CE4007145EE /* NewEventViewController.h */ = {isa = PBXFileReference; fileEncoding = 4; lastKnownFileType = sourcecode.c.h; path = NewEventViewController.h; sourceTree = "<group>"; };
		6AAD167616E22CE4007145EE /* NewEventiewController.m */ = {isa = PBXFileReference; fileEncoding = 4; lastKnownFileType = sourcecode.c.objc; path = NewEventiewController.m; sourceTree = "<group>"; };
		6AAD179A16E22F56007145EE /* ILAlertView.h */ = {isa = PBXFileReference; fileEncoding = 4; lastKnownFileType = sourcecode.c.h; path = ILAlertView.h; sourceTree = "<group>"; };
		6AAD179B16E22F56007145EE /* ILAlertView.m */ = {isa = PBXFileReference; fileEncoding = 4; lastKnownFileType = sourcecode.c.objc; path = ILAlertView.m; sourceTree = "<group>"; };
		6AAD179C16E22F56007145EE /* ILAlertViewConfig.h */ = {isa = PBXFileReference; fileEncoding = 4; lastKnownFileType = sourcecode.c.h; path = ILAlertViewConfig.h; sourceTree = "<group>"; };
		6AAD179F16E22F6D007145EE /* ILBarButtonItem.h */ = {isa = PBXFileReference; fileEncoding = 4; lastKnownFileType = sourcecode.c.h; path = ILBarButtonItem.h; sourceTree = "<group>"; };
		6AAD17A016E22F6D007145EE /* ILBarButtonItem.m */ = {isa = PBXFileReference; fileEncoding = 4; lastKnownFileType = sourcecode.c.objc; path = ILBarButtonItem.m; sourceTree = "<group>"; };
		6AAD17A316E22FA0007145EE /* 37x-Checkmark.png */ = {isa = PBXFileReference; lastKnownFileType = image.png; path = "37x-Checkmark.png"; sourceTree = "<group>"; };
		6AAD17A416E22FA0007145EE /* 37x-Checkmark@2x.png */ = {isa = PBXFileReference; lastKnownFileType = image.png; path = "37x-Checkmark@2x.png"; sourceTree = "<group>"; };
		6AAD17A516E22FA0007145EE /* ILHTTPClient.h */ = {isa = PBXFileReference; fileEncoding = 4; lastKnownFileType = sourcecode.c.h; path = ILHTTPClient.h; sourceTree = "<group>"; };
		6AAD17A616E22FA0007145EE /* ILHTTPClient.m */ = {isa = PBXFileReference; fileEncoding = 4; lastKnownFileType = sourcecode.c.objc; path = ILHTTPClient.m; sourceTree = "<group>"; };
		6AAD17A716E22FA0007145EE /* MBProgressHUD+CustomAdditions.h */ = {isa = PBXFileReference; fileEncoding = 4; lastKnownFileType = sourcecode.c.h; path = "MBProgressHUD+CustomAdditions.h"; sourceTree = "<group>"; };
		6AAD17A816E22FA0007145EE /* MBProgressHUD+CustomAdditions.m */ = {isa = PBXFileReference; fileEncoding = 4; lastKnownFileType = sourcecode.c.objc; path = "MBProgressHUD+CustomAdditions.m"; sourceTree = "<group>"; };
		6AAD17AF16E230E8007145EE /* AFHTTPClient.h */ = {isa = PBXFileReference; fileEncoding = 4; lastKnownFileType = sourcecode.c.h; path = AFHTTPClient.h; sourceTree = "<group>"; };
		6AAD17B016E230E8007145EE /* AFHTTPClient.m */ = {isa = PBXFileReference; fileEncoding = 4; lastKnownFileType = sourcecode.c.objc; path = AFHTTPClient.m; sourceTree = "<group>"; };
		6AAD17B116E230E8007145EE /* AFHTTPRequestOperation.h */ = {isa = PBXFileReference; fileEncoding = 4; lastKnownFileType = sourcecode.c.h; path = AFHTTPRequestOperation.h; sourceTree = "<group>"; };
		6AAD17B216E230E8007145EE /* AFHTTPRequestOperation.m */ = {isa = PBXFileReference; fileEncoding = 4; lastKnownFileType = sourcecode.c.objc; path = AFHTTPRequestOperation.m; sourceTree = "<group>"; };
		6AAD17B316E230E8007145EE /* AFImageRequestOperation.h */ = {isa = PBXFileReference; fileEncoding = 4; lastKnownFileType = sourcecode.c.h; path = AFImageRequestOperation.h; sourceTree = "<group>"; };
		6AAD17B416E230E8007145EE /* AFImageRequestOperation.m */ = {isa = PBXFileReference; fileEncoding = 4; lastKnownFileType = sourcecode.c.objc; path = AFImageRequestOperation.m; sourceTree = "<group>"; };
		6AAD17B516E230E8007145EE /* AFJSONRequestOperation.h */ = {isa = PBXFileReference; fileEncoding = 4; lastKnownFileType = sourcecode.c.h; path = AFJSONRequestOperation.h; sourceTree = "<group>"; };
		6AAD17B616E230E8007145EE /* AFJSONRequestOperation.m */ = {isa = PBXFileReference; fileEncoding = 4; lastKnownFileType = sourcecode.c.objc; path = AFJSONRequestOperation.m; sourceTree = "<group>"; };
		6AAD17B716E230E8007145EE /* AFNetworkActivityIndicatorManager.h */ = {isa = PBXFileReference; fileEncoding = 4; lastKnownFileType = sourcecode.c.h; path = AFNetworkActivityIndicatorManager.h; sourceTree = "<group>"; };
		6AAD17B816E230E8007145EE /* AFNetworkActivityIndicatorManager.m */ = {isa = PBXFileReference; fileEncoding = 4; lastKnownFileType = sourcecode.c.objc; path = AFNetworkActivityIndicatorManager.m; sourceTree = "<group>"; };
		6AAD17B916E230E8007145EE /* AFNetworking.h */ = {isa = PBXFileReference; fileEncoding = 4; lastKnownFileType = sourcecode.c.h; path = AFNetworking.h; sourceTree = "<group>"; };
		6AAD17BA16E230E8007145EE /* AFPropertyListRequestOperation.h */ = {isa = PBXFileReference; fileEncoding = 4; lastKnownFileType = sourcecode.c.h; path = AFPropertyListRequestOperation.h; sourceTree = "<group>"; };
		6AAD17BB16E230E8007145EE /* AFPropertyListRequestOperation.m */ = {isa = PBXFileReference; fileEncoding = 4; lastKnownFileType = sourcecode.c.objc; path = AFPropertyListRequestOperation.m; sourceTree = "<group>"; };
		6AAD17BC16E230E8007145EE /* AFURLConnectionOperation.h */ = {isa = PBXFileReference; fileEncoding = 4; lastKnownFileType = sourcecode.c.h; path = AFURLConnectionOperation.h; sourceTree = "<group>"; };
		6AAD17BD16E230E8007145EE /* AFURLConnectionOperation.m */ = {isa = PBXFileReference; fileEncoding = 4; lastKnownFileType = sourcecode.c.objc; path = AFURLConnectionOperation.m; sourceTree = "<group>"; };
		6AAD17BE16E230E8007145EE /* AFXMLRequestOperation.h */ = {isa = PBXFileReference; fileEncoding = 4; lastKnownFileType = sourcecode.c.h; path = AFXMLRequestOperation.h; sourceTree = "<group>"; };
		6AAD17BF16E230E8007145EE /* AFXMLRequestOperation.m */ = {isa = PBXFileReference; fileEncoding = 4; lastKnownFileType = sourcecode.c.objc; path = AFXMLRequestOperation.m; sourceTree = "<group>"; };
		6AAD17C016E230E8007145EE /* UIImageView+AFNetworking.h */ = {isa = PBXFileReference; fileEncoding = 4; lastKnownFileType = sourcecode.c.h; path = "UIImageView+AFNetworking.h"; sourceTree = "<group>"; };
		6AAD17C116E230E8007145EE /* UIImageView+AFNetworking.m */ = {isa = PBXFileReference; fileEncoding = 4; lastKnownFileType = sourcecode.c.objc; path = "UIImageView+AFNetworking.m"; sourceTree = "<group>"; };
		6AAD17CB16E23121007145EE /* QuartzCore.framework */ = {isa = PBXFileReference; lastKnownFileType = wrapper.framework; name = QuartzCore.framework; path = System/Library/Frameworks/QuartzCore.framework; sourceTree = SDKROOT; };
		6AAD17CD16E23128007145EE /* SystemConfiguration.framework */ = {isa = PBXFileReference; lastKnownFileType = wrapper.framework; name = SystemConfiguration.framework; path = System/Library/Frameworks/SystemConfiguration.framework; sourceTree = SDKROOT; };
		6AAD17CF16E23143007145EE /* ILSideScrollView.h */ = {isa = PBXFileReference; fileEncoding = 4; lastKnownFileType = sourcecode.c.h; path = ILSideScrollView.h; sourceTree = "<group>"; };
		6AAD17D016E23143007145EE /* ILSideScrollView.m */ = {isa = PBXFileReference; fileEncoding = 4; lastKnownFileType = sourcecode.c.objc; path = ILSideScrollView.m; sourceTree = "<group>"; };
		6AAD17D116E23143007145EE /* ILSideScrollViewItem.h */ = {isa = PBXFileReference; fileEncoding = 4; lastKnownFileType = sourcecode.c.h; path = ILSideScrollViewItem.h; sourceTree = "<group>"; };
		6AAD17D216E23143007145EE /* ILSideScrollViewItem.m */ = {isa = PBXFileReference; fileEncoding = 4; lastKnownFileType = sourcecode.c.objc; path = ILSideScrollViewItem.m; sourceTree = "<group>"; };
		6AAD17D616E23170007145EE /* MBProgressHUD.h */ = {isa = PBXFileReference; fileEncoding = 4; lastKnownFileType = sourcecode.c.h; path = MBProgressHUD.h; sourceTree = "<group>"; };
		6AAD17D716E23170007145EE /* MBProgressHUD.m */ = {isa = PBXFileReference; fileEncoding = 4; lastKnownFileType = sourcecode.c.objc; path = MBProgressHUD.m; sourceTree = "<group>"; };
		6AAD17DA16E2318F007145EE /* MobileCoreServices.framework */ = {isa = PBXFileReference; lastKnownFileType = wrapper.framework; name = MobileCoreServices.framework; path = System/Library/Frameworks/MobileCoreServices.framework; sourceTree = SDKROOT; };
		6AAD17DC16E23283007145EE /* gear.png */ = {isa = PBXFileReference; lastKnownFileType = image.png; path = gear.png; sourceTree = "<group>"; };
		6AAD17DD16E23283007145EE /* gear@2x.png */ = {isa = PBXFileReference; lastKnownFileType = image.png; path = "gear@2x.png"; sourceTree = "<group>"; };
		6AAD17DE16E23283007145EE /* gearSelected.png */ = {isa = PBXFileReference; lastKnownFileType = image.png; path = gearSelected.png; sourceTree = "<group>"; };
		6AAD17DF16E23284007145EE /* gearSelected@2x.png */ = {isa = PBXFileReference; lastKnownFileType = image.png; path = "gearSelected@2x.png"; sourceTree = "<group>"; };
		6AAD17E816E24208007145EE /* PKRevealController.h */ = {isa = PBXFileReference; fileEncoding = 4; lastKnownFileType = sourcecode.c.h; path = PKRevealController.h; sourceTree = "<group>"; };
		6AAD17E916E24208007145EE /* PKRevealController.m */ = {isa = PBXFileReference; fileEncoding = 4; lastKnownFileType = sourcecode.c.objc; path = PKRevealController.m; sourceTree = "<group>"; };
		6AAD17EA16E24208007145EE /* PKRevealControllerContainerView.h */ = {isa = PBXFileReference; fileEncoding = 4; lastKnownFileType = sourcecode.c.h; path = PKRevealControllerContainerView.h; sourceTree = "<group>"; };
		6AAD17EB16E24208007145EE /* PKRevealControllerContainerView.m */ = {isa = PBXFileReference; fileEncoding = 4; lastKnownFileType = sourcecode.c.objc; path = PKRevealControllerContainerView.m; sourceTree = "<group>"; };
		6AAD17EC16E24208007145EE /* UIViewController+PKRevealController.h */ = {isa = PBXFileReference; fileEncoding = 4; lastKnownFileType = sourcecode.c.h; path = "UIViewController+PKRevealController.h"; sourceTree = "<group>"; };
		6AAD17ED16E24208007145EE /* UIViewController+PKRevealController.m */ = {isa = PBXFileReference; fileEncoding = 4; lastKnownFileType = sourcecode.c.objc; path = "UIViewController+PKRevealController.m"; sourceTree = "<group>"; };
		6AAD17F416E24462007145EE /* SideViewController.h */ = {isa = PBXFileReference; fileEncoding = 4; lastKnownFileType = sourcecode.c.h; path = SideViewController.h; sourceTree = "<group>"; };
		6AAD17F516E24462007145EE /* SideViewController.m */ = {isa = PBXFileReference; fileEncoding = 4; lastKnownFileType = sourcecode.c.objc; path = SideViewController.m; sourceTree = "<group>"; };
		6AAD17FC16E24987007145EE /* EUEvent.h */ = {isa = PBXFileReference; fileEncoding = 4; lastKnownFileType = sourcecode.c.h; path = EUEvent.h; sourceTree = "<group>"; };
		6AAD17FD16E24987007145EE /* EUEvent.m */ = {isa = PBXFileReference; fileEncoding = 4; lastKnownFileType = sourcecode.c.objc; path = EUEvent.m; sourceTree = "<group>"; };
		6AAD180016E249A4007145EE /* EUEventCell.h */ = {isa = PBXFileReference; fileEncoding = 4; lastKnownFileType = sourcecode.c.h; path = EUEventCell.h; sourceTree = "<group>"; };
		6AAD180116E249A4007145EE /* EUEventCell.m */ = {isa = PBXFileReference; fileEncoding = 4; lastKnownFileType = sourcecode.c.objc; path = EUEventCell.m; sourceTree = "<group>"; };
		6AAD180416E24D58007145EE /* SORelativeDateTransformer.bundle */ = {isa = PBXFileReference; lastKnownFileType = "wrapper.plug-in"; path = SORelativeDateTransformer.bundle; sourceTree = "<group>"; };
		6AAD180516E24D58007145EE /* SORelativeDateTransformer.h */ = {isa = PBXFileReference; fileEncoding = 4; lastKnownFileType = sourcecode.c.h; path = SORelativeDateTransformer.h; sourceTree = "<group>"; };
		6AAD180616E24D58007145EE /* SORelativeDateTransformer.m */ = {isa = PBXFileReference; fileEncoding = 4; lastKnownFileType = sourcecode.c.objc; path = SORelativeDateTransformer.m; sourceTree = "<group>"; };
		6AAD180E16E254DC007145EE /* FacebookSDK.framework */ = {isa = PBXFileReference; lastKnownFileType = wrapper.framework; name = FacebookSDK.framework; path = ../../../../../Development/Resources/APIs/FacebookSDK/FacebookSDK.framework; sourceTree = "<group>"; };
		6AAD181016E254F3007145EE /* FacebookSDKResources.bundle */ = {isa = PBXFileReference; lastKnownFileType = "wrapper.plug-in"; name = FacebookSDKResources.bundle; path = ../../../../../Development/Resources/APIs/FacebookSDK/FacebookSDK.framework/Versions/A/Resources/FacebookSDKResources.bundle; sourceTree = "<group>"; };
		6AAD181316E25532007145EE /* Accounts.framework */ = {isa = PBXFileReference; lastKnownFileType = wrapper.framework; name = Accounts.framework; path = System/Library/Frameworks/Accounts.framework; sourceTree = SDKROOT; };
		6AAD181416E25532007145EE /* AdSupport.framework */ = {isa = PBXFileReference; lastKnownFileType = wrapper.framework; name = AdSupport.framework; path = System/Library/Frameworks/AdSupport.framework; sourceTree = SDKROOT; };
		6AAD181516E25532007145EE /* Social.framework */ = {isa = PBXFileReference; lastKnownFileType = wrapper.framework; name = Social.framework; path = System/Library/Frameworks/Social.framework; sourceTree = SDKROOT; };
		6ADC644C16EAD93900E0F401 /* EUEventView.h */ = {isa = PBXFileReference; fileEncoding = 4; lastKnownFileType = sourcecode.c.h; name = EUEventView.h; path = EatUp/Views/EUEventView.h; sourceTree = SOURCE_ROOT; };
		6ADC644D16EAD93900E0F401 /* EUEventView.m */ = {isa = PBXFileReference; fileEncoding = 4; lastKnownFileType = sourcecode.c.objc; name = EUEventView.m; path = EatUp/Views/EUEventView.m; sourceTree = SOURCE_ROOT; };
		6ADC644F16EB93CE00E0F401 /* EUUser.h */ = {isa = PBXFileReference; fileEncoding = 4; lastKnownFileType = sourcecode.c.h; path = EUUser.h; sourceTree = "<group>"; };
		6ADC645016EB93CE00E0F401 /* EUUser.m */ = {isa = PBXFileReference; fileEncoding = 4; lastKnownFileType = sourcecode.c.objc; path = EUUser.m; sourceTree = "<group>"; };
		6ADC645216EB9C5600E0F401 /* EULocation.h */ = {isa = PBXFileReference; fileEncoding = 4; lastKnownFileType = sourcecode.c.h; path = EULocation.h; sourceTree = "<group>"; };
		6ADC645316EB9C5600E0F401 /* EULocation.m */ = {isa = PBXFileReference; fileEncoding = 4; lastKnownFileType = sourcecode.c.objc; path = EULocation.m; sourceTree = "<group>"; };
		6AFBF49A16E438D100D8C33B /* protoFaces.png */ = {isa = PBXFileReference; lastKnownFileType = image.png; path = protoFaces.png; sourceTree = "<group>"; };
		6AFBF49C16E43A1200D8C33B /* SettingsViewController.h */ = {isa = PBXFileReference; fileEncoding = 4; lastKnownFileType = sourcecode.c.h; path = SettingsViewController.h; sourceTree = "<group>"; };
		6AFBF49D16E43A1200D8C33B /* SettingsViewController.m */ = {isa = PBXFileReference; fileEncoding = 4; lastKnownFileType = sourcecode.c.objc; path = SettingsViewController.m; sourceTree = "<group>"; };
		6AFBF49F16E43DE700D8C33B /* EUConstants.h */ = {isa = PBXFileReference; fileEncoding = 4; lastKnownFileType = sourcecode.c.h; path = EUConstants.h; sourceTree = "<group>"; };
		6AFBF4A316E45C3000D8C33B /* when.png */ = {isa = PBXFileReference; lastKnownFileType = image.png; path = when.png; sourceTree = "<group>"; };
		6AFBF4A416E45C3000D8C33B /* who.png */ = {isa = PBXFileReference; lastKnownFileType = image.png; path = who.png; sourceTree = "<group>"; };
		6AFBF4A516E45C3000D8C33B /* where.png */ = {isa = PBXFileReference; lastKnownFileType = image.png; path = where.png; sourceTree = "<group>"; };
/* End PBXFileReference section */

/* Begin PBXFrameworksBuildPhase section */
		6AA860AD16E1C91F00655BE9 /* Frameworks */ = {
			isa = PBXFrameworksBuildPhase;
			buildActionMask = 2147483647;
			files = (
				6AAD181616E25532007145EE /* Accounts.framework in Frameworks */,
				6AAD181716E25532007145EE /* AdSupport.framework in Frameworks */,
				6AAD181816E25532007145EE /* Social.framework in Frameworks */,
				6AAD17DB16E2318F007145EE /* MobileCoreServices.framework in Frameworks */,
				6AAD17CE16E23128007145EE /* SystemConfiguration.framework in Frameworks */,
				6AAD17CC16E23121007145EE /* QuartzCore.framework in Frameworks */,
				6AA860B416E1C91F00655BE9 /* UIKit.framework in Frameworks */,
				6AA860B616E1C91F00655BE9 /* Foundation.framework in Frameworks */,
				6AA860B816E1C91F00655BE9 /* CoreGraphics.framework in Frameworks */,
				6AAD180F16E254DC007145EE /* FacebookSDK.framework in Frameworks */,
			);
			runOnlyForDeploymentPostprocessing = 0;
		};
/* End PBXFrameworksBuildPhase section */

/* Begin PBXGroup section */
		6AA860A716E1C91F00655BE9 = {
			isa = PBXGroup;
			children = (
				6AA860B916E1C91F00655BE9 /* EatUp */,
				6AA860B216E1C91F00655BE9 /* Frameworks */,
				6AA860B116E1C91F00655BE9 /* Products */,
			);
			sourceTree = "<group>";
		};
		6AA860B116E1C91F00655BE9 /* Products */ = {
			isa = PBXGroup;
			children = (
				6AA860B016E1C91F00655BE9 /* EatUp.app */,
			);
			name = Products;
			sourceTree = "<group>";
		};
		6AA860B216E1C91F00655BE9 /* Frameworks */ = {
			isa = PBXGroup;
			children = (
				6AAD181216E25509007145EE /* Facebook */,
				6AAD180316E24D58007145EE /* SORelativeDateTransformer */,
				6AAD17E716E24208007145EE /* PKRevealController */,
				6AAD179E16E22F5C007145EE /* ILAlertView */,
				6AAD17A216E22F7D007145EE /* ILBarButtonItem */,
				6AAD17AD16E22FC6007145EE /* ILHTTPClient */,
				6AAD17D516E23148007145EE /* ILSideScrollView */,
				6AAD181316E25532007145EE /* Accounts.framework */,
				6AAD181416E25532007145EE /* AdSupport.framework */,
				6AAD181516E25532007145EE /* Social.framework */,
				6AAD17DA16E2318F007145EE /* MobileCoreServices.framework */,
				6AAD17CD16E23128007145EE /* SystemConfiguration.framework */,
				6AAD17CB16E23121007145EE /* QuartzCore.framework */,
				6AA860B316E1C91F00655BE9 /* UIKit.framework */,
				6AA860B516E1C91F00655BE9 /* Foundation.framework */,
				6AA860B716E1C91F00655BE9 /* CoreGraphics.framework */,
			);
			name = Frameworks;
			sourceTree = "<group>";
		};
		6AA860B916E1C91F00655BE9 /* EatUp */ = {
			isa = PBXGroup;
			children = (
				6AA860C216E1C91F00655BE9 /* AppDelegate.h */,
				6AA860C316E1C91F00655BE9 /* AppDelegate.m */,
				6AFBF49F16E43DE700D8C33B /* EUConstants.h */,
				6AA860CB16E1C92000655BE9 /* MainStoryboard.storyboard */,
				6AAD17FF16E2498A007145EE /* Models */,
				6AAD17FA16E2492E007145EE /* Views */,
				6AAD17FB16E24935007145EE /* Controllers */,
				6AAD17E416E2328E007145EE /* Images */,
				6AA860BA16E1C91F00655BE9 /* Supporting Files */,
			);
			path = EatUp;
			sourceTree = "<group>";
		};
		6AA860BA16E1C91F00655BE9 /* Supporting Files */ = {
			isa = PBXGroup;
			children = (
				6AA860BB16E1C91F00655BE9 /* EatUp-Info.plist */,
				6AA860BC16E1C91F00655BE9 /* InfoPlist.strings */,
				6AA860BF16E1C91F00655BE9 /* main.m */,
				6AA860C116E1C91F00655BE9 /* EatUp-Prefix.pch */,
			);
			name = "Supporting Files";
			sourceTree = "<group>";
		};
		6AAD179E16E22F5C007145EE /* ILAlertView */ = {
			isa = PBXGroup;
			children = (
				6A9743F316E29C2C003D5667 /* alertBkg.png */,
				6A9743F416E29C2C003D5667 /* alertBkg@2x.png */,
				6AAD179A16E22F56007145EE /* ILAlertView.h */,
				6AAD179B16E22F56007145EE /* ILAlertView.m */,
				6AAD179C16E22F56007145EE /* ILAlertViewConfig.h */,
			);
			name = ILAlertView;
			path = EatUp/Frameworks/ILAlertView;
			sourceTree = "<group>";
		};
		6AAD17A216E22F7D007145EE /* ILBarButtonItem */ = {
			isa = PBXGroup;
			children = (
				6AAD179F16E22F6D007145EE /* ILBarButtonItem.h */,
				6AAD17A016E22F6D007145EE /* ILBarButtonItem.m */,
			);
			name = ILBarButtonItem;
			path = EatUp/Frameworks/ILBarButtonItem;
			sourceTree = "<group>";
		};
		6AAD17AD16E22FC6007145EE /* ILHTTPClient */ = {
			isa = PBXGroup;
			children = (
				6AAD17AE16E230E8007145EE /* AFNetworking */,
				6AAD17D916E23179007145EE /* MBProgressHUD */,
				6AAD17A516E22FA0007145EE /* ILHTTPClient.h */,
				6AAD17A616E22FA0007145EE /* ILHTTPClient.m */,
			);
			name = ILHTTPClient;
			path = EatUp/Frameworks/ILHTTPClient;
			sourceTree = "<group>";
		};
		6AAD17AE16E230E8007145EE /* AFNetworking */ = {
			isa = PBXGroup;
			children = (
				6AAD17AF16E230E8007145EE /* AFHTTPClient.h */,
				6AAD17B016E230E8007145EE /* AFHTTPClient.m */,
				6AAD17B116E230E8007145EE /* AFHTTPRequestOperation.h */,
				6AAD17B216E230E8007145EE /* AFHTTPRequestOperation.m */,
				6AAD17B316E230E8007145EE /* AFImageRequestOperation.h */,
				6AAD17B416E230E8007145EE /* AFImageRequestOperation.m */,
				6AAD17B516E230E8007145EE /* AFJSONRequestOperation.h */,
				6AAD17B616E230E8007145EE /* AFJSONRequestOperation.m */,
				6AAD17B716E230E8007145EE /* AFNetworkActivityIndicatorManager.h */,
				6AAD17B816E230E8007145EE /* AFNetworkActivityIndicatorManager.m */,
				6AAD17B916E230E8007145EE /* AFNetworking.h */,
				6AAD17BA16E230E8007145EE /* AFPropertyListRequestOperation.h */,
				6AAD17BB16E230E8007145EE /* AFPropertyListRequestOperation.m */,
				6AAD17BC16E230E8007145EE /* AFURLConnectionOperation.h */,
				6AAD17BD16E230E8007145EE /* AFURLConnectionOperation.m */,
				6AAD17BE16E230E8007145EE /* AFXMLRequestOperation.h */,
				6AAD17BF16E230E8007145EE /* AFXMLRequestOperation.m */,
				6AAD17C016E230E8007145EE /* UIImageView+AFNetworking.h */,
				6AAD17C116E230E8007145EE /* UIImageView+AFNetworking.m */,
			);
			path = AFNetworking;
			sourceTree = "<group>";
		};
		6AAD17D516E23148007145EE /* ILSideScrollView */ = {
			isa = PBXGroup;
			children = (
				6AAD17CF16E23143007145EE /* ILSideScrollView.h */,
				6AAD17D016E23143007145EE /* ILSideScrollView.m */,
				6AAD17D116E23143007145EE /* ILSideScrollViewItem.h */,
				6AAD17D216E23143007145EE /* ILSideScrollViewItem.m */,
			);
			name = ILSideScrollView;
			path = EatUp/Frameworks/ILSideScrollView;
			sourceTree = "<group>";
		};
		6AAD17D916E23179007145EE /* MBProgressHUD */ = {
			isa = PBXGroup;
			children = (
				6AAD17D616E23170007145EE /* MBProgressHUD.h */,
				6AAD17D716E23170007145EE /* MBProgressHUD.m */,
				6AAD17A316E22FA0007145EE /* 37x-Checkmark.png */,
				6AAD17A416E22FA0007145EE /* 37x-Checkmark@2x.png */,
				6AAD17A716E22FA0007145EE /* MBProgressHUD+CustomAdditions.h */,
				6AAD17A816E22FA0007145EE /* MBProgressHUD+CustomAdditions.m */,
			);
			name = MBProgressHUD;
			sourceTree = "<group>";
		};
		6AAD17E416E2328E007145EE /* Images */ = {
			isa = PBXGroup;
			children = (
				6AFBF4A316E45C3000D8C33B /* when.png */,
				6AFBF4A416E45C3000D8C33B /* who.png */,
				6AFBF4A516E45C3000D8C33B /* where.png */,
				6AFBF49A16E438D100D8C33B /* protoFaces.png */,
				6A9743F716E2B0E7003D5667 /* navBar@2x.png */,
				6A9743F916E2B2A8003D5667 /* navBar.png */,
				6AA860C516E1C91F00655BE9 /* Default.png */,
				6AA860C716E1C91F00655BE9 /* Default@2x.png */,
				6AA860C916E1C91F00655BE9 /* Default-568h@2x.png */,
				6AAD17E516E2329A007145EE /* Bar Icons */,
			);
			path = Images;
			sourceTree = "<group>";
		};
		6AAD17E516E2329A007145EE /* Bar Icons */ = {
			isa = PBXGroup;
			children = (
				6AAD17DC16E23283007145EE /* gear.png */,
				6AAD17DD16E23283007145EE /* gear@2x.png */,
				6AAD17DE16E23283007145EE /* gearSelected.png */,
				6AAD17DF16E23284007145EE /* gearSelected@2x.png */,
			);
			name = "Bar Icons";
			sourceTree = "<group>";
		};
		6AAD17E716E24208007145EE /* PKRevealController */ = {
			isa = PBXGroup;
			children = (
				6AAD17E816E24208007145EE /* PKRevealController.h */,
				6AAD17E916E24208007145EE /* PKRevealController.m */,
				6AAD17EA16E24208007145EE /* PKRevealControllerContainerView.h */,
				6AAD17EB16E24208007145EE /* PKRevealControllerContainerView.m */,
				6AAD17EC16E24208007145EE /* UIViewController+PKRevealController.h */,
				6AAD17ED16E24208007145EE /* UIViewController+PKRevealController.m */,
			);
			name = PKRevealController;
			path = EatUp/Frameworks/PKRevealController;
			sourceTree = "<group>";
		};
		6AAD17FA16E2492E007145EE /* Views */ = {
			isa = PBXGroup;
			children = (
				6AAD180016E249A4007145EE /* EUEventCell.h */,
				6AAD180116E249A4007145EE /* EUEventCell.m */,
				6ADC644C16EAD93900E0F401 /* EUEventView.h */,
				6ADC644D16EAD93900E0F401 /* EUEventView.m */,
			);
			path = Views;
			sourceTree = "<group>";
		};
		6AAD17FB16E24935007145EE /* Controllers */ = {
			isa = PBXGroup;
			children = (
				6AAD166F16E22C2C007145EE /* EventsViewController.h */,
				6AAD167016E22C2C007145EE /* EventsViewController.m */,
				6AAD167216E22C97007145EE /* EventViewController.h */,
				6AAD167316E22C97007145EE /* EventViewController.m */,
				6AAD167516E22CE4007145EE /* NewEventViewController.h */,
				6AAD167616E22CE4007145EE /* NewEventiewController.m */,
				6AFBF49C16E43A1200D8C33B /* SettingsViewController.h */,
				6AFBF49D16E43A1200D8C33B /* SettingsViewController.m */,
				6A9743F016E287D5003D5667 /* LoginViewController.h */,
				6A9743F116E287D5003D5667 /* LoginViewController.m */,
				6AAD17F416E24462007145EE /* SideViewController.h */,
				6AAD17F516E24462007145EE /* SideViewController.m */,
			);
			path = Controllers;
			sourceTree = "<group>";
		};
		6AAD17FF16E2498A007145EE /* Models */ = {
			isa = PBXGroup;
			children = (
				6AAD17FC16E24987007145EE /* EUEvent.h */,
				6AAD17FD16E24987007145EE /* EUEvent.m */,
				6ADC644F16EB93CE00E0F401 /* EUUser.h */,
				6ADC645016EB93CE00E0F401 /* EUUser.m */,
				6ADC645216EB9C5600E0F401 /* EULocation.h */,
				6ADC645316EB9C5600E0F401 /* EULocation.m */,
			);
			path = Models;
			sourceTree = "<group>";
		};
		6AAD180316E24D58007145EE /* SORelativeDateTransformer */ = {
			isa = PBXGroup;
			children = (
				6AAD180416E24D58007145EE /* SORelativeDateTransformer.bundle */,
				6AAD180516E24D58007145EE /* SORelativeDateTransformer.h */,
				6AAD180616E24D58007145EE /* SORelativeDateTransformer.m */,
			);
			name = SORelativeDateTransformer;
			path = EatUp/Frameworks/SORelativeDateTransformer;
			sourceTree = "<group>";
		};
		6AAD181216E25509007145EE /* Facebook */ = {
			isa = PBXGroup;
			children = (
				6AAD181016E254F3007145EE /* FacebookSDKResources.bundle */,
				6AAD180E16E254DC007145EE /* FacebookSDK.framework */,
			);
			name = Facebook;
			sourceTree = "<group>";
		};
/* End PBXGroup section */

/* Begin PBXNativeTarget section */
		6AA860AF16E1C91F00655BE9 /* EatUp */ = {
			isa = PBXNativeTarget;
			buildConfigurationList = 6AA860D616E1C92000655BE9 /* Build configuration list for PBXNativeTarget "EatUp" */;
			buildPhases = (
				6AA860AC16E1C91F00655BE9 /* Sources */,
				6AA860AD16E1C91F00655BE9 /* Frameworks */,
				6AA860AE16E1C91F00655BE9 /* Resources */,
				6AAD180916E25130007145EE /* ShellScript */,
			);
			buildRules = (
			);
			dependencies = (
			);
			name = EatUp;
			productName = EatUp;
			productReference = 6AA860B016E1C91F00655BE9 /* EatUp.app */;
			productType = "com.apple.product-type.application";
		};
/* End PBXNativeTarget section */

/* Begin PBXProject section */
		6AA860A816E1C91F00655BE9 /* Project object */ = {
			isa = PBXProject;
			attributes = {
				LastUpgradeCheck = 0460;
				ORGANIZATIONNAME = isaacl.net;
			};
			buildConfigurationList = 6AA860AB16E1C91F00655BE9 /* Build configuration list for PBXProject "EatUp" */;
			compatibilityVersion = "Xcode 3.2";
			developmentRegion = English;
			hasScannedForEncodings = 0;
			knownRegions = (
				en,
			);
			mainGroup = 6AA860A716E1C91F00655BE9;
			productRefGroup = 6AA860B116E1C91F00655BE9 /* Products */;
			projectDirPath = "";
			projectRoot = "";
			targets = (
				6AA860AF16E1C91F00655BE9 /* EatUp */,
			);
		};
/* End PBXProject section */

/* Begin PBXResourcesBuildPhase section */
		6AA860AE16E1C91F00655BE9 /* Resources */ = {
			isa = PBXResourcesBuildPhase;
			buildActionMask = 2147483647;
			files = (
				6AA860BE16E1C91F00655BE9 /* InfoPlist.strings in Resources */,
				6AA860C616E1C91F00655BE9 /* Default.png in Resources */,
				6AA860C816E1C91F00655BE9 /* Default@2x.png in Resources */,
				6AA860CA16E1C91F00655BE9 /* Default-568h@2x.png in Resources */,
				6AA860CD16E1C92000655BE9 /* MainStoryboard.storyboard in Resources */,
				6AAD17A916E22FA0007145EE /* 37x-Checkmark.png in Resources */,
				6AAD17AA16E22FA0007145EE /* 37x-Checkmark@2x.png in Resources */,
				6AAD17E016E23284007145EE /* gear.png in Resources */,
				6AAD17E116E23284007145EE /* gear@2x.png in Resources */,
				6AAD17E216E23284007145EE /* gearSelected.png in Resources */,
				6AAD17E316E23284007145EE /* gearSelected@2x.png in Resources */,
				6AAD180716E24D58007145EE /* SORelativeDateTransformer.bundle in Resources */,
				6AAD181116E254F3007145EE /* FacebookSDKResources.bundle in Resources */,
				6A9743F516E29C2C003D5667 /* alertBkg.png in Resources */,
				6A9743F616E29C2C003D5667 /* alertBkg@2x.png in Resources */,
				6A9743F816E2B0E7003D5667 /* navBar@2x.png in Resources */,
				6A9743FA16E2B2A8003D5667 /* navBar.png in Resources */,
				6AFBF49B16E438D100D8C33B /* protoFaces.png in Resources */,
				6AFBF4A616E45C3000D8C33B /* when.png in Resources */,
				6AFBF4A716E45C3000D8C33B /* who.png in Resources */,
				6AFBF4A816E45C3000D8C33B /* where.png in Resources */,
			);
			runOnlyForDeploymentPostprocessing = 0;
		};
/* End PBXResourcesBuildPhase section */

/* Begin PBXShellScriptBuildPhase section */
		6AAD180916E25130007145EE /* ShellScript */ = {
			isa = PBXShellScriptBuildPhase;
			buildActionMask = 2147483647;
			files = (
			);
			inputPaths = (
			);
			outputPaths = (
			);
			runOnlyForDeploymentPostprocessing = 0;
			shellPath = /bin/sh;
			shellScript = "#!/bin/bash\nbuildNumber=$(/usr/libexec/PlistBuddy -c \"Print CFBundleVersion\" \"$INFOPLIST_FILE\")\nbuildNumber=$(($buildNumber + 1))\n/usr/libexec/PlistBuddy -c \"Set :CFBundleVersion $buildNumber\" \"$INFOPLIST_FILE\"";
		};
/* End PBXShellScriptBuildPhase section */

/* Begin PBXSourcesBuildPhase section */
		6AA860AC16E1C91F00655BE9 /* Sources */ = {
			isa = PBXSourcesBuildPhase;
			buildActionMask = 2147483647;
			files = (
				6AA860C016E1C91F00655BE9 /* main.m in Sources */,
				6AA860C416E1C91F00655BE9 /* AppDelegate.m in Sources */,
				6AAD167116E22C2C007145EE /* EventsViewController.m in Sources */,
				6AAD167416E22C97007145EE /* EventViewController.m in Sources */,
				6AAD167716E22CE4007145EE /* NewEventiewController.m in Sources */,
				6AAD179D16E22F56007145EE /* ILAlertView.m in Sources */,
				6AAD17A116E22F6D007145EE /* ILBarButtonItem.m in Sources */,
				6AAD17AB16E22FA0007145EE /* ILHTTPClient.m in Sources */,
				6AAD17AC16E22FA0007145EE /* MBProgressHUD+CustomAdditions.m in Sources */,
				6AAD17C216E230E8007145EE /* AFHTTPClient.m in Sources */,
				6AAD17C316E230E8007145EE /* AFHTTPRequestOperation.m in Sources */,
				6AAD17C416E230E8007145EE /* AFImageRequestOperation.m in Sources */,
				6AAD17C516E230E8007145EE /* AFJSONRequestOperation.m in Sources */,
				6AAD17C616E230E8007145EE /* AFNetworkActivityIndicatorManager.m in Sources */,
				6AAD17C716E230E8007145EE /* AFPropertyListRequestOperation.m in Sources */,
				6AAD17C816E230E8007145EE /* AFURLConnectionOperation.m in Sources */,
				6AAD17C916E230E8007145EE /* AFXMLRequestOperation.m in Sources */,
				6AAD17CA16E230E8007145EE /* UIImageView+AFNetworking.m in Sources */,
				6AAD17D316E23143007145EE /* ILSideScrollView.m in Sources */,
				6AAD17D416E23143007145EE /* ILSideScrollViewItem.m in Sources */,
				6AAD17D816E23170007145EE /* MBProgressHUD.m in Sources */,
				6AAD17EE16E24208007145EE /* PKRevealController.m in Sources */,
				6AAD17EF16E24208007145EE /* PKRevealControllerContainerView.m in Sources */,
				6AAD17F016E24208007145EE /* UIViewController+PKRevealController.m in Sources */,
				6AAD17F616E24462007145EE /* SideViewController.m in Sources */,
				6AAD17FE16E24987007145EE /* EUEvent.m in Sources */,
				6AAD180216E249A4007145EE /* EUEventCell.m in Sources */,
				6AAD180816E24D58007145EE /* SORelativeDateTransformer.m in Sources */,
				6A9743F216E287D5003D5667 /* LoginViewController.m in Sources */,
				6AFBF49E16E43A1200D8C33B /* SettingsViewController.m in Sources */,
				6ADC644E16EAD93900E0F401 /* EUEventView.m in Sources */,
				6ADC645116EB93CE00E0F401 /* EUUser.m in Sources */,
				6ADC645416EB9C5600E0F401 /* EULocation.m in Sources */,
			);
			runOnlyForDeploymentPostprocessing = 0;
		};
/* End PBXSourcesBuildPhase section */

/* Begin PBXVariantGroup section */
		6AA860BC16E1C91F00655BE9 /* InfoPlist.strings */ = {
			isa = PBXVariantGroup;
			children = (
				6AA860BD16E1C91F00655BE9 /* en */,
			);
			name = InfoPlist.strings;
			sourceTree = "<group>";
		};
		6AA860CB16E1C92000655BE9 /* MainStoryboard.storyboard */ = {
			isa = PBXVariantGroup;
			children = (
				6AA860CC16E1C92000655BE9 /* en */,
			);
			name = MainStoryboard.storyboard;
			sourceTree = "<group>";
		};
/* End PBXVariantGroup section */

/* Begin XCBuildConfiguration section */
		6AA860D416E1C92000655BE9 /* Debug */ = {
			isa = XCBuildConfiguration;
			buildSettings = {
				ALWAYS_SEARCH_USER_PATHS = NO;
				CLANG_CXX_LANGUAGE_STANDARD = "gnu++0x";
				CLANG_CXX_LIBRARY = "libc++";
				CLANG_ENABLE_OBJC_ARC = YES;
				CLANG_WARN_CONSTANT_CONVERSION = YES;
				CLANG_WARN_EMPTY_BODY = YES;
				CLANG_WARN_ENUM_CONVERSION = YES;
				CLANG_WARN_INT_CONVERSION = YES;
				CLANG_WARN__DUPLICATE_METHOD_MATCH = YES;
				"CODE_SIGN_IDENTITY[sdk=iphoneos*]" = "iPhone Developer";
				COPY_PHASE_STRIP = NO;
				GCC_C_LANGUAGE_STANDARD = gnu99;
				GCC_DYNAMIC_NO_PIC = NO;
				GCC_OPTIMIZATION_LEVEL = 0;
				GCC_PREPROCESSOR_DEFINITIONS = (
					"DEBUG=1",
					"$(inherited)",
				);
				GCC_SYMBOLS_PRIVATE_EXTERN = NO;
				GCC_WARN_ABOUT_RETURN_TYPE = YES;
				GCC_WARN_UNINITIALIZED_AUTOS = YES;
				GCC_WARN_UNUSED_VARIABLE = YES;
				IPHONEOS_DEPLOYMENT_TARGET = 6.1;
				ONLY_ACTIVE_ARCH = YES;
				SDKROOT = iphoneos;
			};
			name = Debug;
		};
		6AA860D516E1C92000655BE9 /* Release */ = {
			isa = XCBuildConfiguration;
			buildSettings = {
				ALWAYS_SEARCH_USER_PATHS = NO;
				CLANG_CXX_LANGUAGE_STANDARD = "gnu++0x";
				CLANG_CXX_LIBRARY = "libc++";
				CLANG_ENABLE_OBJC_ARC = YES;
				CLANG_WARN_CONSTANT_CONVERSION = YES;
				CLANG_WARN_EMPTY_BODY = YES;
				CLANG_WARN_ENUM_CONVERSION = YES;
				CLANG_WARN_INT_CONVERSION = YES;
				CLANG_WARN__DUPLICATE_METHOD_MATCH = YES;
				"CODE_SIGN_IDENTITY[sdk=iphoneos*]" = "iPhone Developer";
				COPY_PHASE_STRIP = YES;
				GCC_C_LANGUAGE_STANDARD = gnu99;
				GCC_WARN_ABOUT_RETURN_TYPE = YES;
				GCC_WARN_UNINITIALIZED_AUTOS = YES;
				GCC_WARN_UNUSED_VARIABLE = YES;
				IPHONEOS_DEPLOYMENT_TARGET = 6.1;
				OTHER_CFLAGS = "-DNS_BLOCK_ASSERTIONS=1";
				SDKROOT = iphoneos;
				VALIDATE_PRODUCT = YES;
			};
			name = Release;
		};
		6AA860D716E1C92000655BE9 /* Debug */ = {
			isa = XCBuildConfiguration;
			buildSettings = {
				FRAMEWORK_SEARCH_PATHS = (
					"$(inherited)",
					"\"$(SRCROOT)\"",
					"\"$(SRCROOT)/../../../../../Development/Resources/APIs/FacebookSDK\"",
				);
				GCC_PRECOMPILE_PREFIX_HEADER = YES;
				GCC_PREFIX_HEADER = "EatUp/EatUp-Prefix.pch";
				INFOPLIST_FILE = "$(SRCROOT)/EatUp/EatUp-Info.plist";
				IPHONEOS_DEPLOYMENT_TARGET = 5.1;
				OTHER_LDFLAGS = (
					"-lsqlite3.0",
					"-ObjC",
				);
				PRODUCT_NAME = "$(TARGET_NAME)";
				WRAPPER_EXTENSION = app;
			};
			name = Debug;
		};
		6AA860D816E1C92000655BE9 /* Release */ = {
			isa = XCBuildConfiguration;
			buildSettings = {
				CODE_SIGN_IDENTITY = "iPhone Distribution";
				"CODE_SIGN_IDENTITY[sdk=iphoneos*]" = "iPhone Distribution";
				FRAMEWORK_SEARCH_PATHS = (
					"$(inherited)",
					"\"$(SRCROOT)\"",
					"\"$(SRCROOT)/../../../../../Development/Resources/APIs/FacebookSDK\"",
				);
				GCC_PRECOMPILE_PREFIX_HEADER = YES;
				GCC_PREFIX_HEADER = "EatUp/EatUp-Prefix.pch";
				INFOPLIST_FILE = "$(SRCROOT)/EatUp/EatUp-Info.plist";
				IPHONEOS_DEPLOYMENT_TARGET = 5.1;
				OTHER_LDFLAGS = (
					"-lsqlite3.0",
					"-ObjC",
				);
				PRODUCT_NAME = "$(TARGET_NAME)";
				PROVISIONING_PROFILE = "";
				"PROVISIONING_PROFILE[sdk=iphoneos*]" = "";
				WRAPPER_EXTENSION = app;
			};
			name = Release;
		};
/* End XCBuildConfiguration section */

/* Begin XCConfigurationList section */
		6AA860AB16E1C91F00655BE9 /* Build configuration list for PBXProject "EatUp" */ = {
			isa = XCConfigurationList;
			buildConfigurations = (
				6AA860D416E1C92000655BE9 /* Debug */,
				6AA860D516E1C92000655BE9 /* Release */,
			);
			defaultConfigurationIsVisible = 0;
			defaultConfigurationName = Release;
		};
		6AA860D616E1C92000655BE9 /* Build configuration list for PBXNativeTarget "EatUp" */ = {
			isa = XCConfigurationList;
			buildConfigurations = (
				6AA860D716E1C92000655BE9 /* Debug */,
				6AA860D816E1C92000655BE9 /* Release */,
			);
			defaultConfigurationIsVisible = 0;
			defaultConfigurationName = Release;
		};
/* End XCConfigurationList section */
	};
	rootObject = 6AA860A816E1C91F00655BE9 /* Project object */;
}
